
Microsoft Visual Studio Solution File, Format Version 12.00
# Visual Studio 15
VisualStudioVersion = 15.0.26403.7
MinimumVisualStudioVersion = 10.0.40219.1
Project("{FAE04EC0-301F-11D3-BF4B-00C04F79EFBC}") = "TrainingWcfServiceLibrary", "TrainingWcfServiceLibrary\TrainingWcfServiceLibrary.csproj", "{7198C73A-F017-4A24-8B06-16ED60CF2BD5}"
EndProject
Project("{FAE04EC0-301F-11D3-BF4B-00C04F79EFBC}") = "TrainingWcfServiceHost", "TrainingWcfServiceHost\TrainingWcfServiceHost.csproj", "{6E7F4995-FA7F-4356-9C2E-187B7840D6B9}"
EndProject
Project("{FAE04EC0-301F-11D3-BF4B-00C04F79EFBC}") = "TrainingWCFClient", "TrainingWCFClient\TrainingWCFClient.csproj", "{639CA238-76F0-4AA9-A65C-BD95123CAB6F}"
	ProjectSection(ProjectDependencies) = postProject
		{7198C73A-F017-4A24-8B06-16ED60CF2BD5} = {7198C73A-F017-4A24-8B06-16ED60CF2BD5}
	EndProjectSection
EndProject
Global
	GlobalSection(SolutionConfigurationPlatforms) = preSolution
		Debug|Any CPU = Debug|Any CPU
		Release|Any CPU = Release|Any CPU
	EndGlobalSection
	GlobalSection(ProjectConfigurationPlatforms) = postSolution
		{7198C73A-F017-4A24-8B06-16ED60CF2BD5}.Debug|Any CPU.ActiveCfg = Debug|Any CPU
		{7198C73A-F017-4A24-8B06-16ED60CF2BD5}.Debug|Any CPU.Build.0 = Debug|Any CPU
		{7198C73A-F017-4A24-8B06-16ED60CF2BD5}.Release|Any CPU.ActiveCfg = Release|Any CPU
		{7198C73A-F017-4A24-8B06-16ED60CF2BD5}.Release|Any CPU.Build.0 = Release|Any CPU
		{6E7F4995-FA7F-4356-9C2E-187B7840D6B9}.Debug|Any CPU.ActiveCfg = Debug|Any CPU
		{6E7F4995-FA7F-4356-9C2E-187B7840D6B9}.Debug|Any CPU.Build.0 = Debug|Any CPU
		{6E7F4995-FA7F-4356-9C2E-187B7840D6B9}.Release|Any CPU.ActiveCfg = Release|Any CPU
		{6E7F4995-FA7F-4356-9C2E-187B7840D6B9}.Release|Any CPU.Build.0 = Release|Any CPU
		{639CA238-76F0-4AA9-A65C-BD95123CAB6F}.Debug|Any CPU.ActiveCfg = Debug|Any CPU
		{639CA238-76F0-4AA9-A65C-BD95123CAB6F}.Debug|Any CPU.Build.0 = Debug|Any CPU
		{639CA238-76F0-4AA9-A65C-BD95123CAB6F}.Release|Any CPU.ActiveCfg = Release|Any CPU
		{639CA238-76F0-4AA9-A65C-BD95123CAB6F}.Release|Any CPU.Build.0 = Release|Any CPU
	EndGlobalSection
	GlobalSection(SolutionProperties) = preSolution
		HideSolutionNode = FALSE
	EndGlobalSection
EndGlobal
